// !$*UTF8*$!
{
	archiveVersion = 1;
	classes = {
	};
	objectVersion = 50;
	objects = {

/* Begin PBXBuildFile section */
		EC662C8824CDADA9009FD31E /* LogInViewController.swift in Sources */ = {isa = PBXBuildFile; fileRef = EC662C8724CDADA9009FD31E /* LogInViewController.swift */; };
		EC7A7F2C24CB854D0004B5D0 /* SignUpViewController.swift in Sources */ = {isa = PBXBuildFile; fileRef = EC7A7F2B24CB854D0004B5D0 /* SignUpViewController.swift */; };
		EC7A7F2E24CB8C7A0004B5D0 /* UITextFIeld + Extension.swift in Sources */ = {isa = PBXBuildFile; fileRef = EC7A7F2D24CB8C7A0004B5D0 /* UITextFIeld + Extension.swift */; };
		EC80E10424D4A9E50040A589 /* GradientView.swift in Sources */ = {isa = PBXBuildFile; fileRef = EC80E10324D4A9E50040A589 /* GradientView.swift */; };
		EC80E10624D4D0A00040A589 /* WaitingChatsCollectionViewCell.swift in Sources */ = {isa = PBXBuildFile; fileRef = EC80E10524D4D0A00040A589 /* WaitingChatsCollectionViewCell.swift */; };
		EC80E10824D5A5160040A589 /* SectionHeader.swift in Sources */ = {isa = PBXBuildFile; fileRef = EC80E10724D5A5160040A589 /* SectionHeader.swift */; };
		EC80E10C24D5FBC70040A589 /* peopleNearBy.json in Resources */ = {isa = PBXBuildFile; fileRef = EC80E10B24D5FBC70040A589 /* peopleNearBy.json */; };
		EC80E10E24D604ED0040A589 /* MPeople.swift in Sources */ = {isa = PBXBuildFile; fileRef = EC80E10D24D604ED0040A589 /* MPeople.swift */; };
		EC80E11024D6050F0040A589 /* MChat.swift in Sources */ = {isa = PBXBuildFile; fileRef = EC80E10F24D6050F0040A589 /* MChat.swift */; };
		EC8B66C024D6F89700973C82 /* PeopleCollectionViewCell.swift in Sources */ = {isa = PBXBuildFile; fileRef = EC8B66BF24D6F89700973C82 /* PeopleCollectionViewCell.swift */; };
		EC8B66C224D6FFF500973C82 /* UIViewController + Extension.swift in Sources */ = {isa = PBXBuildFile; fileRef = EC8B66C124D6FFF500973C82 /* UIViewController + Extension.swift */; };
		ECAEC5DD24D1CA4A00F472AA /* activeChats.json in Resources */ = {isa = PBXBuildFile; fileRef = ECAEC5DC24D1CA4A00F472AA /* activeChats.json */; };
		ECAEC5DF24D1CBFC00F472AA /* waitingChats.json in Resources */ = {isa = PBXBuildFile; fileRef = ECAEC5DE24D1CBFC00F472AA /* waitingChats.json */; };
		ECAEC5E124D1E3F200F472AA /* Bundle-Decodable .swift in Sources */ = {isa = PBXBuildFile; fileRef = ECAEC5E024D1E3F200F472AA /* Bundle-Decodable .swift */; };
		ECAEC5E324D20BAD00F472AA /* ActiveChatCollectionViewCell.swift in Sources */ = {isa = PBXBuildFile; fileRef = ECAEC5E224D20BAD00F472AA /* ActiveChatCollectionViewCell.swift */; };
		ECB3E83B24D0667000B490FE /* ListViewController.swift in Sources */ = {isa = PBXBuildFile; fileRef = ECB3E83A24D0667000B490FE /* ListViewController.swift */; };
		ECB3E84224D07C5400B490FE /* MainTabBarViewController.swift in Sources */ = {isa = PBXBuildFile; fileRef = ECB3E84124D07C5400B490FE /* MainTabBarViewController.swift */; };
		ECB3E84424D07C8D00B490FE /* PeopleViewController.swift in Sources */ = {isa = PBXBuildFile; fileRef = ECB3E84324D07C8D00B490FE /* PeopleViewController.swift */; };
		ECB6ECD224CDF8F60026CD73 /* SetupProfileViewController.swift in Sources */ = {isa = PBXBuildFile; fileRef = ECB6ECD124CDF8F60026CD73 /* SetupProfileViewController.swift */; };
		ECB6ECD424CE1D030026CD73 /* UIImage + Extension.swift in Sources */ = {isa = PBXBuildFile; fileRef = ECB6ECD324CE1D030026CD73 /* UIImage + Extension.swift */; };
		ECB6ECD624CE1F4B0026CD73 /* AddPhotoView.swift in Sources */ = {isa = PBXBuildFile; fileRef = ECB6ECD524CE1F4B0026CD73 /* AddPhotoView.swift */; };
		ECC4726624C9FE76006B800A /* AppDelegate.swift in Sources */ = {isa = PBXBuildFile; fileRef = ECC4726524C9FE76006B800A /* AppDelegate.swift */; };
		ECC4726824C9FE76006B800A /* SceneDelegate.swift in Sources */ = {isa = PBXBuildFile; fileRef = ECC4726724C9FE76006B800A /* SceneDelegate.swift */; };
		ECC4726F24C9FE78006B800A /* Assets.xcassets in Resources */ = {isa = PBXBuildFile; fileRef = ECC4726E24C9FE78006B800A /* Assets.xcassets */; };
		ECC4727224C9FE78006B800A /* LaunchScreen.storyboard in Resources */ = {isa = PBXBuildFile; fileRef = ECC4727024C9FE78006B800A /* LaunchScreen.storyboard */; };
		ECC4727A24C9FF59006B800A /* AuthViewController.swift in Sources */ = {isa = PBXBuildFile; fileRef = ECC4727924C9FF59006B800A /* AuthViewController.swift */; };
		ECC4727C24CA19AB006B800A /* UIButton + Extension.swift in Sources */ = {isa = PBXBuildFile; fileRef = ECC4727B24CA19AB006B800A /* UIButton + Extension.swift */; };
		ECEF76C824CA2048000E39B2 /* UILabel + Extension.swift in Sources */ = {isa = PBXBuildFile; fileRef = ECEF76C724CA2048000E39B2 /* UILabel + Extension.swift */; };
		ECEF76CA24CA24E2000E39B2 /* UIImageView + Extension.swift in Sources */ = {isa = PBXBuildFile; fileRef = ECEF76C924CA24E2000E39B2 /* UIImageView + Extension.swift */; };
		ECEF76CC24CA3121000E39B2 /* UIFont + Extension.swift in Sources */ = {isa = PBXBuildFile; fileRef = ECEF76CB24CA3121000E39B2 /* UIFont + Extension.swift */; };
		ECEF76D024CB5E05000E39B2 /* ButtonFormView.swift in Sources */ = {isa = PBXBuildFile; fileRef = ECEF76CF24CB5E05000E39B2 /* ButtonFormView.swift */; };
		ECEF76D224CB756D000E39B2 /* StackView + Extension.swift in Sources */ = {isa = PBXBuildFile; fileRef = ECEF76D124CB756D000E39B2 /* StackView + Extension.swift */; };
/* End PBXBuildFile section */

/* Begin PBXFileReference section */
		EC662C8724CDADA9009FD31E /* LogInViewController.swift */ = {isa = PBXFileReference; lastKnownFileType = sourcecode.swift; path = LogInViewController.swift; sourceTree = "<group>"; };
		EC7A7F2B24CB854D0004B5D0 /* SignUpViewController.swift */ = {isa = PBXFileReference; lastKnownFileType = sourcecode.swift; path = SignUpViewController.swift; sourceTree = "<group>"; };
		EC7A7F2D24CB8C7A0004B5D0 /* UITextFIeld + Extension.swift */ = {isa = PBXFileReference; lastKnownFileType = sourcecode.swift; path = "UITextFIeld + Extension.swift"; sourceTree = "<group>"; };
		EC80E10324D4A9E50040A589 /* GradientView.swift */ = {isa = PBXFileReference; lastKnownFileType = sourcecode.swift; path = GradientView.swift; sourceTree = "<group>"; };
		EC80E10524D4D0A00040A589 /* WaitingChatsCollectionViewCell.swift */ = {isa = PBXFileReference; lastKnownFileType = sourcecode.swift; path = WaitingChatsCollectionViewCell.swift; sourceTree = "<group>"; };
		EC80E10724D5A5160040A589 /* SectionHeader.swift */ = {isa = PBXFileReference; lastKnownFileType = sourcecode.swift; path = SectionHeader.swift; sourceTree = "<group>"; };
		EC80E10B24D5FBC70040A589 /* peopleNearBy.json */ = {isa = PBXFileReference; lastKnownFileType = text.json; path = peopleNearBy.json; sourceTree = "<group>"; };
		EC80E10D24D604ED0040A589 /* MPeople.swift */ = {isa = PBXFileReference; lastKnownFileType = sourcecode.swift; path = MPeople.swift; sourceTree = "<group>"; };
		EC80E10F24D6050F0040A589 /* MChat.swift */ = {isa = PBXFileReference; lastKnownFileType = sourcecode.swift; path = MChat.swift; sourceTree = "<group>"; };
		EC8B66BF24D6F89700973C82 /* PeopleCollectionViewCell.swift */ = {isa = PBXFileReference; lastKnownFileType = sourcecode.swift; path = PeopleCollectionViewCell.swift; sourceTree = "<group>"; };
		EC8B66C124D6FFF500973C82 /* UIViewController + Extension.swift */ = {isa = PBXFileReference; lastKnownFileType = sourcecode.swift; path = "UIViewController + Extension.swift"; sourceTree = "<group>"; };
		ECAEC5DC24D1CA4A00F472AA /* activeChats.json */ = {isa = PBXFileReference; lastKnownFileType = text.json; path = activeChats.json; sourceTree = "<group>"; };
		ECAEC5DE24D1CBFC00F472AA /* waitingChats.json */ = {isa = PBXFileReference; lastKnownFileType = text.json; path = waitingChats.json; sourceTree = "<group>"; };
		ECAEC5E024D1E3F200F472AA /* Bundle-Decodable .swift */ = {isa = PBXFileReference; lastKnownFileType = sourcecode.swift; path = "Bundle-Decodable .swift"; sourceTree = "<group>"; };
		ECAEC5E224D20BAD00F472AA /* ActiveChatCollectionViewCell.swift */ = {isa = PBXFileReference; lastKnownFileType = sourcecode.swift; path = ActiveChatCollectionViewCell.swift; sourceTree = "<group>"; };
		ECB3E83A24D0667000B490FE /* ListViewController.swift */ = {isa = PBXFileReference; lastKnownFileType = sourcecode.swift; path = ListViewController.swift; sourceTree = "<group>"; };
		ECB3E84124D07C5400B490FE /* MainTabBarViewController.swift */ = {isa = PBXFileReference; lastKnownFileType = sourcecode.swift; path = MainTabBarViewController.swift; sourceTree = "<group>"; };
		ECB3E84324D07C8D00B490FE /* PeopleViewController.swift */ = {isa = PBXFileReference; lastKnownFileType = sourcecode.swift; path = PeopleViewController.swift; sourceTree = "<group>"; };
		ECB6ECD124CDF8F60026CD73 /* SetupProfileViewController.swift */ = {isa = PBXFileReference; lastKnownFileType = sourcecode.swift; path = SetupProfileViewController.swift; sourceTree = "<group>"; };
		ECB6ECD324CE1D030026CD73 /* UIImage + Extension.swift */ = {isa = PBXFileReference; lastKnownFileType = sourcecode.swift; path = "UIImage + Extension.swift"; sourceTree = "<group>"; };
		ECB6ECD524CE1F4B0026CD73 /* AddPhotoView.swift */ = {isa = PBXFileReference; lastKnownFileType = sourcecode.swift; path = AddPhotoView.swift; sourceTree = "<group>"; };
		ECC4726224C9FE76006B800A /* Love Dating.app */ = {isa = PBXFileReference; explicitFileType = wrapper.application; includeInIndex = 0; path = "Love Dating.app"; sourceTree = BUILT_PRODUCTS_DIR; };
		ECC4726524C9FE76006B800A /* AppDelegate.swift */ = {isa = PBXFileReference; lastKnownFileType = sourcecode.swift; path = AppDelegate.swift; sourceTree = "<group>"; };
		ECC4726724C9FE76006B800A /* SceneDelegate.swift */ = {isa = PBXFileReference; lastKnownFileType = sourcecode.swift; path = SceneDelegate.swift; sourceTree = "<group>"; };
		ECC4726E24C9FE78006B800A /* Assets.xcassets */ = {isa = PBXFileReference; lastKnownFileType = folder.assetcatalog; path = Assets.xcassets; sourceTree = "<group>"; };
		ECC4727124C9FE78006B800A /* Base */ = {isa = PBXFileReference; lastKnownFileType = file.storyboard; name = Base; path = Base.lproj/LaunchScreen.storyboard; sourceTree = "<group>"; };
		ECC4727324C9FE78006B800A /* Info.plist */ = {isa = PBXFileReference; lastKnownFileType = text.plist.xml; path = Info.plist; sourceTree = "<group>"; };
		ECC4727924C9FF59006B800A /* AuthViewController.swift */ = {isa = PBXFileReference; lastKnownFileType = sourcecode.swift; path = AuthViewController.swift; sourceTree = "<group>"; };
		ECC4727B24CA19AB006B800A /* UIButton + Extension.swift */ = {isa = PBXFileReference; lastKnownFileType = sourcecode.swift; path = "UIButton + Extension.swift"; sourceTree = "<group>"; };
		ECEF76C724CA2048000E39B2 /* UILabel + Extension.swift */ = {isa = PBXFileReference; lastKnownFileType = sourcecode.swift; path = "UILabel + Extension.swift"; sourceTree = "<group>"; };
		ECEF76C924CA24E2000E39B2 /* UIImageView + Extension.swift */ = {isa = PBXFileReference; lastKnownFileType = sourcecode.swift; path = "UIImageView + Extension.swift"; sourceTree = "<group>"; };
		ECEF76CB24CA3121000E39B2 /* UIFont + Extension.swift */ = {isa = PBXFileReference; lastKnownFileType = sourcecode.swift; path = "UIFont + Extension.swift"; sourceTree = "<group>"; };
		ECEF76CF24CB5E05000E39B2 /* ButtonFormView.swift */ = {isa = PBXFileReference; lastKnownFileType = sourcecode.swift; path = ButtonFormView.swift; sourceTree = "<group>"; };
		ECEF76D124CB756D000E39B2 /* StackView + Extension.swift */ = {isa = PBXFileReference; lastKnownFileType = sourcecode.swift; path = "StackView + Extension.swift"; sourceTree = "<group>"; };
/* End PBXFileReference section */

/* Begin PBXFrameworksBuildPhase section */
		ECC4725F24C9FE76006B800A /* Frameworks */ = {
			isa = PBXFrameworksBuildPhase;
			buildActionMask = 2147483647;
			files = (
			);
			runOnlyForDeploymentPostprocessing = 0;
		};
/* End PBXFrameworksBuildPhase section */

/* Begin PBXGroup section */
		EC80E11124D605240040A589 /* Model */ = {
			isa = PBXGroup;
			children = (
				EC80E10D24D604ED0040A589 /* MPeople.swift */,
				EC80E10F24D6050F0040A589 /* MChat.swift */,
			);
			path = Model;
			sourceTree = "<group>";
		};
		ECAEC5E424D20BBE00F472AA /* Cell */ = {
			isa = PBXGroup;
			children = (
				ECAEC5E224D20BAD00F472AA /* ActiveChatCollectionViewCell.swift */,
				EC80E10524D4D0A00040A589 /* WaitingChatsCollectionViewCell.swift */,
				EC8B66BF24D6F89700973C82 /* PeopleCollectionViewCell.swift */,
			);
			path = Cell;
			sourceTree = "<group>";
		};
		ECB3E83D24D07BEB00B490FE /* Auth */ = {
			isa = PBXGroup;
			children = (
				ECC4727924C9FF59006B800A /* AuthViewController.swift */,
				EC7A7F2B24CB854D0004B5D0 /* SignUpViewController.swift */,
				EC662C8724CDADA9009FD31E /* LogInViewController.swift */,
				ECB6ECD124CDF8F60026CD73 /* SetupProfileViewController.swift */,
			);
			path = Auth;
			sourceTree = "<group>";
		};
		ECB3E83E24D07C0B00B490FE /* Controllers */ = {
			isa = PBXGroup;
			children = (
				ECB3E83D24D07BEB00B490FE /* Auth */,
				ECAEC5E424D20BBE00F472AA /* Cell */,
				ECB3E83A24D0667000B490FE /* ListViewController.swift */,
				ECB3E84324D07C8D00B490FE /* PeopleViewController.swift */,
				ECB3E84124D07C5400B490FE /* MainTabBarViewController.swift */,
				EC80E10724D5A5160040A589 /* SectionHeader.swift */,
			);
			path = Controllers;
			sourceTree = "<group>";
		};
		ECC4725924C9FE76006B800A = {
			isa = PBXGroup;
			children = (
				ECC4726424C9FE76006B800A /* Love Dating */,
				ECC4726324C9FE76006B800A /* Products */,
			);
			sourceTree = "<group>";
		};
		ECC4726324C9FE76006B800A /* Products */ = {
			isa = PBXGroup;
			children = (
				ECC4726224C9FE76006B800A /* Love Dating.app */,
			);
			name = Products;
			sourceTree = "<group>";
		};
		ECC4726424C9FE76006B800A /* Love Dating */ = {
			isa = PBXGroup;
			children = (
				ECC4726524C9FE76006B800A /* AppDelegate.swift */,
				ECC4726724C9FE76006B800A /* SceneDelegate.swift */,
				ECAEC5DC24D1CA4A00F472AA /* activeChats.json */,
				ECAEC5DE24D1CBFC00F472AA /* waitingChats.json */,
				EC80E10B24D5FBC70040A589 /* peopleNearBy.json */,
				ECC4726E24C9FE78006B800A /* Assets.xcassets */,
				ECC4727024C9FE78006B800A /* LaunchScreen.storyboard */,
				ECC4727324C9FE78006B800A /* Info.plist */,
				EC80E11124D605240040A589 /* Model */,
				ECB3E83E24D07C0B00B490FE /* Controllers */,
				ECEF76CE24CA3221000E39B2 /* Extensions */,
			);
			path = "Love Dating";
			sourceTree = "<group>";
		};
		ECEF76CD24CA3202000E39B2 /* UIKit Extensions */ = {
			isa = PBXGroup;
			children = (
				EC7A7F2D24CB8C7A0004B5D0 /* UITextFIeld + Extension.swift */,
				ECC4727B24CA19AB006B800A /* UIButton + Extension.swift */,
				ECB6ECD324CE1D030026CD73 /* UIImage + Extension.swift */,
				ECEF76CB24CA3121000E39B2 /* UIFont + Extension.swift */,
				ECEF76C724CA2048000E39B2 /* UILabel + Extension.swift */,
				ECEF76C924CA24E2000E39B2 /* UIImageView + Extension.swift */,
				ECEF76D124CB756D000E39B2 /* StackView + Extension.swift */,
			);
			path = "UIKit Extensions";
			sourceTree = "<group>";
		};
		ECEF76CE24CA3221000E39B2 /* Extensions */ = {
			isa = PBXGroup;
			children = (
				ECEF76CF24CB5E05000E39B2 /* ButtonFormView.swift */,
				EC8B66C124D6FFF500973C82 /* UIViewController + Extension.swift */,
				EC80E10324D4A9E50040A589 /* GradientView.swift */,
				ECB6ECD524CE1F4B0026CD73 /* AddPhotoView.swift */,
				ECAEC5E024D1E3F200F472AA /* Bundle-Decodable .swift */,
				ECEF76CD24CA3202000E39B2 /* UIKit Extensions */,
			);
			path = Extensions;
			sourceTree = "<group>";
		};
/* End PBXGroup section */

/* Begin PBXNativeTarget section */
		ECC4726124C9FE76006B800A /* Love Dating */ = {
			isa = PBXNativeTarget;
			buildConfigurationList = ECC4727624C9FE78006B800A /* Build configuration list for PBXNativeTarget "Love Dating" */;
			buildPhases = (
				ECC4725E24C9FE76006B800A /* Sources */,
				ECC4725F24C9FE76006B800A /* Frameworks */,
				ECC4726024C9FE76006B800A /* Resources */,
			);
			buildRules = (
			);
			dependencies = (
			);
			name = "Love Dating";
			productName = "Love Dating";
			productReference = ECC4726224C9FE76006B800A /* Love Dating.app */;
			productType = "com.apple.product-type.application";
		};
/* End PBXNativeTarget section */

/* Begin PBXProject section */
		ECC4725A24C9FE76006B800A /* Project object */ = {
			isa = PBXProject;
			attributes = {
				LastSwiftUpdateCheck = 1160;
				LastUpgradeCheck = 1160;
				ORGANIZATIONNAME = "Roman Oliinyk";
				TargetAttributes = {
					ECC4726124C9FE76006B800A = {
						CreatedOnToolsVersion = 11.6;
					};
				};
			};
			buildConfigurationList = ECC4725D24C9FE76006B800A /* Build configuration list for PBXProject "Love Dating" */;
			compatibilityVersion = "Xcode 9.3";
			developmentRegion = en;
			hasScannedForEncodings = 0;
			knownRegions = (
				en,
				Base,
			);
			mainGroup = ECC4725924C9FE76006B800A;
			productRefGroup = ECC4726324C9FE76006B800A /* Products */;
			projectDirPath = "";
			projectRoot = "";
			targets = (
				ECC4726124C9FE76006B800A /* Love Dating */,
			);
		};
/* End PBXProject section */

/* Begin PBXResourcesBuildPhase section */
		ECC4726024C9FE76006B800A /* Resources */ = {
			isa = PBXResourcesBuildPhase;
			buildActionMask = 2147483647;
			files = (
				EC80E10C24D5FBC70040A589 /* peopleNearBy.json in Resources */,
				ECC4727224C9FE78006B800A /* LaunchScreen.storyboard in Resources */,
				ECAEC5DD24D1CA4A00F472AA /* activeChats.json in Resources */,
				ECC4726F24C9FE78006B800A /* Assets.xcassets in Resources */,
				ECAEC5DF24D1CBFC00F472AA /* waitingChats.json in Resources */,
			);
			runOnlyForDeploymentPostprocessing = 0;
		};
/* End PBXResourcesBuildPhase section */

/* Begin PBXSourcesBuildPhase section */
		ECC4725E24C9FE76006B800A /* Sources */ = {
			isa = PBXSourcesBuildPhase;
			buildActionMask = 2147483647;
			files = (
				ECEF76D224CB756D000E39B2 /* StackView + Extension.swift in Sources */,
				ECEF76CA24CA24E2000E39B2 /* UIImageView + Extension.swift in Sources */,
				EC80E10E24D604ED0040A589 /* MPeople.swift in Sources */,
				ECC4727A24C9FF59006B800A /* AuthViewController.swift in Sources */,
				ECB3E84224D07C5400B490FE /* MainTabBarViewController.swift in Sources */,
				ECAEC5E324D20BAD00F472AA /* ActiveChatCollectionViewCell.swift in Sources */,
				ECEF76D024CB5E05000E39B2 /* ButtonFormView.swift in Sources */,
				EC80E10824D5A5160040A589 /* SectionHeader.swift in Sources */,
				ECB3E84424D07C8D00B490FE /* PeopleViewController.swift in Sources */,
				EC7A7F2C24CB854D0004B5D0 /* SignUpViewController.swift in Sources */,
				EC8B66C224D6FFF500973C82 /* UIViewController + Extension.swift in Sources */,
				ECEF76C824CA2048000E39B2 /* UILabel + Extension.swift in Sources */,
				EC7A7F2E24CB8C7A0004B5D0 /* UITextFIeld + Extension.swift in Sources */,
				ECAEC5E124D1E3F200F472AA /* Bundle-Decodable .swift in Sources */,
				EC80E10424D4A9E50040A589 /* GradientView.swift in Sources */,
				ECB6ECD624CE1F4B0026CD73 /* AddPhotoView.swift in Sources */,
				ECB6ECD424CE1D030026CD73 /* UIImage + Extension.swift in Sources */,
				ECC4726624C9FE76006B800A /* AppDelegate.swift in Sources */,
				EC8B66C024D6F89700973C82 /* PeopleCollectionViewCell.swift in Sources */,
				ECB6ECD224CDF8F60026CD73 /* SetupProfileViewController.swift in Sources */,
				EC80E10624D4D0A00040A589 /* WaitingChatsCollectionViewCell.swift in Sources */,
				EC662C8824CDADA9009FD31E /* LogInViewController.swift in Sources */,
				ECC4726824C9FE76006B800A /* SceneDelegate.swift in Sources */,
				EC80E11024D6050F0040A589 /* MChat.swift in Sources */,
				ECEF76CC24CA3121000E39B2 /* UIFont + Extension.swift in Sources */,
				ECB3E83B24D0667000B490FE /* ListViewController.swift in Sources */,
				ECC4727C24CA19AB006B800A /* UIButton + Extension.swift in Sources */,
			);
			runOnlyForDeploymentPostprocessing = 0;
		};
/* End PBXSourcesBuildPhase section */

/* Begin PBXVariantGroup section */
		ECC4727024C9FE78006B800A /* LaunchScreen.storyboard */ = {
			isa = PBXVariantGroup;
			children = (
				ECC4727124C9FE78006B800A /* Base */,
			);
			name = LaunchScreen.storyboard;
			sourceTree = "<group>";
		};
/* End PBXVariantGroup section */

/* Begin XCBuildConfiguration section */
		ECC4727424C9FE78006B800A /* Debug */ = {
			isa = XCBuildConfiguration;
			buildSettings = {
				ALWAYS_SEARCH_USER_PATHS = NO;
				CLANG_ANALYZER_NONNULL = YES;
				CLANG_ANALYZER_NUMBER_OBJECT_CONVERSION = YES_AGGRESSIVE;
				CLANG_CXX_LANGUAGE_STANDARD = "gnu++14";
				CLANG_CXX_LIBRARY = "libc++";
				CLANG_ENABLE_MODULES = YES;
				CLANG_ENABLE_OBJC_ARC = YES;
				CLANG_ENABLE_OBJC_WEAK = YES;
				CLANG_WARN_BLOCK_CAPTURE_AUTORELEASING = YES;
				CLANG_WARN_BOOL_CONVERSION = YES;
				CLANG_WARN_COMMA = YES;
				CLANG_WARN_CONSTANT_CONVERSION = YES;
				CLANG_WARN_DEPRECATED_OBJC_IMPLEMENTATIONS = YES;
				CLANG_WARN_DIRECT_OBJC_ISA_USAGE = YES_ERROR;
				CLANG_WARN_DOCUMENTATION_COMMENTS = YES;
				CLANG_WARN_EMPTY_BODY = YES;
				CLANG_WARN_ENUM_CONVERSION = YES;
				CLANG_WARN_INFINITE_RECURSION = YES;
				CLANG_WARN_INT_CONVERSION = YES;
				CLANG_WARN_NON_LITERAL_NULL_CONVERSION = YES;
				CLANG_WARN_OBJC_IMPLICIT_RETAIN_SELF = YES;
				CLANG_WARN_OBJC_LITERAL_CONVERSION = YES;
				CLANG_WARN_OBJC_ROOT_CLASS = YES_ERROR;
				CLANG_WARN_RANGE_LOOP_ANALYSIS = YES;
				CLANG_WARN_STRICT_PROTOTYPES = YES;
				CLANG_WARN_SUSPICIOUS_MOVE = YES;
				CLANG_WARN_UNGUARDED_AVAILABILITY = YES_AGGRESSIVE;
				CLANG_WARN_UNREACHABLE_CODE = YES;
				CLANG_WARN__DUPLICATE_METHOD_MATCH = YES;
				COPY_PHASE_STRIP = NO;
				DEBUG_INFORMATION_FORMAT = dwarf;
				ENABLE_STRICT_OBJC_MSGSEND = YES;
				ENABLE_TESTABILITY = YES;
				GCC_C_LANGUAGE_STANDARD = gnu11;
				GCC_DYNAMIC_NO_PIC = NO;
				GCC_NO_COMMON_BLOCKS = YES;
				GCC_OPTIMIZATION_LEVEL = 0;
				GCC_PREPROCESSOR_DEFINITIONS = (
					"DEBUG=1",
					"$(inherited)",
				);
				GCC_WARN_64_TO_32_BIT_CONVERSION = YES;
				GCC_WARN_ABOUT_RETURN_TYPE = YES_ERROR;
				GCC_WARN_UNDECLARED_SELECTOR = YES;
				GCC_WARN_UNINITIALIZED_AUTOS = YES_AGGRESSIVE;
				GCC_WARN_UNUSED_FUNCTION = YES;
				GCC_WARN_UNUSED_VARIABLE = YES;
				IPHONEOS_DEPLOYMENT_TARGET = 13.0;
				MTL_ENABLE_DEBUG_INFO = INCLUDE_SOURCE;
				MTL_FAST_MATH = YES;
				ONLY_ACTIVE_ARCH = YES;
				SDKROOT = iphoneos;
				SWIFT_ACTIVE_COMPILATION_CONDITIONS = DEBUG;
				SWIFT_OPTIMIZATION_LEVEL = "-Onone";
			};
			name = Debug;
		};
		ECC4727524C9FE78006B800A /* Release */ = {
			isa = XCBuildConfiguration;
			buildSettings = {
				ALWAYS_SEARCH_USER_PATHS = NO;
				CLANG_ANALYZER_NONNULL = YES;
				CLANG_ANALYZER_NUMBER_OBJECT_CONVERSION = YES_AGGRESSIVE;
				CLANG_CXX_LANGUAGE_STANDARD = "gnu++14";
				CLANG_CXX_LIBRARY = "libc++";
				CLANG_ENABLE_MODULES = YES;
				CLANG_ENABLE_OBJC_ARC = YES;
				CLANG_ENABLE_OBJC_WEAK = YES;
				CLANG_WARN_BLOCK_CAPTURE_AUTORELEASING = YES;
				CLANG_WARN_BOOL_CONVERSION = YES;
				CLANG_WARN_COMMA = YES;
				CLANG_WARN_CONSTANT_CONVERSION = YES;
				CLANG_WARN_DEPRECATED_OBJC_IMPLEMENTATIONS = YES;
				CLANG_WARN_DIRECT_OBJC_ISA_USAGE = YES_ERROR;
				CLANG_WARN_DOCUMENTATION_COMMENTS = YES;
				CLANG_WARN_EMPTY_BODY = YES;
				CLANG_WARN_ENUM_CONVERSION = YES;
				CLANG_WARN_INFINITE_RECURSION = YES;
				CLANG_WARN_INT_CONVERSION = YES;
				CLANG_WARN_NON_LITERAL_NULL_CONVERSION = YES;
				CLANG_WARN_OBJC_IMPLICIT_RETAIN_SELF = YES;
				CLANG_WARN_OBJC_LITERAL_CONVERSION = YES;
				CLANG_WARN_OBJC_ROOT_CLASS = YES_ERROR;
				CLANG_WARN_RANGE_LOOP_ANALYSIS = YES;
				CLANG_WARN_STRICT_PROTOTYPES = YES;
				CLANG_WARN_SUSPICIOUS_MOVE = YES;
				CLANG_WARN_UNGUARDED_AVAILABILITY = YES_AGGRESSIVE;
				CLANG_WARN_UNREACHABLE_CODE = YES;
				CLANG_WARN__DUPLICATE_METHOD_MATCH = YES;
				COPY_PHASE_STRIP = NO;
				DEBUG_INFORMATION_FORMAT = "dwarf-with-dsym";
				ENABLE_NS_ASSERTIONS = NO;
				ENABLE_STRICT_OBJC_MSGSEND = YES;
				GCC_C_LANGUAGE_STANDARD = gnu11;
				GCC_NO_COMMON_BLOCKS = YES;
				GCC_WARN_64_TO_32_BIT_CONVERSION = YES;
				GCC_WARN_ABOUT_RETURN_TYPE = YES_ERROR;
				GCC_WARN_UNDECLARED_SELECTOR = YES;
				GCC_WARN_UNINITIALIZED_AUTOS = YES_AGGRESSIVE;
				GCC_WARN_UNUSED_FUNCTION = YES;
				GCC_WARN_UNUSED_VARIABLE = YES;
				IPHONEOS_DEPLOYMENT_TARGET = 13.0;
				MTL_ENABLE_DEBUG_INFO = NO;
				MTL_FAST_MATH = YES;
				SDKROOT = iphoneos;
				SWIFT_COMPILATION_MODE = wholemodule;
				SWIFT_OPTIMIZATION_LEVEL = "-O";
				VALIDATE_PRODUCT = YES;
			};
			name = Release;
		};
		ECC4727724C9FE78006B800A /* Debug */ = {
			isa = XCBuildConfiguration;
			buildSettings = {
				ASSETCATALOG_COMPILER_APPICON_NAME = AppIcon;
				CODE_SIGN_STYLE = Automatic;
				DEVELOPMENT_TEAM = TA55CRFVW8;
				INFOPLIST_FILE = "Love Dating/Info.plist";
				IPHONEOS_DEPLOYMENT_TARGET = 13.0;
				LD_RUNPATH_SEARCH_PATHS = (
					"$(inherited)",
					"@executable_path/Frameworks",
				);
				PRODUCT_BUNDLE_IDENTIFIER = "tw3ee.com.Love-Dating";
				PRODUCT_NAME = "Love Dating";
				SWIFT_VERSION = 5.0;
				TARGETED_DEVICE_FAMILY = "1,2";
			};
			name = Debug;
		};
		ECC4727824C9FE78006B800A /* Release */ = {
			isa = XCBuildConfiguration;
			buildSettings = {
				ASSETCATALOG_COMPILER_APPICON_NAME = AppIcon;
				CODE_SIGN_STYLE = Automatic;
				DEVELOPMENT_TEAM = TA55CRFVW8;
				INFOPLIST_FILE = "Love Dating/Info.plist";
				IPHONEOS_DEPLOYMENT_TARGET = 13.0;
				LD_RUNPATH_SEARCH_PATHS = (
					"$(inherited)",
					"@executable_path/Frameworks",
				);
				PRODUCT_BUNDLE_IDENTIFIER = "tw3ee.com.Love-Dating";
				PRODUCT_NAME = "Love Dating";
				SWIFT_VERSION = 5.0;
				TARGETED_DEVICE_FAMILY = "1,2";
			};
			name = Release;
		};
/* End XCBuildConfiguration section */

/* Begin XCConfigurationList section */
		ECC4725D24C9FE76006B800A /* Build configuration list for PBXProject "Love Dating" */ = {
			isa = XCConfigurationList;
			buildConfigurations = (
				ECC4727424C9FE78006B800A /* Debug */,
				ECC4727524C9FE78006B800A /* Release */,
			);
			defaultConfigurationIsVisible = 0;
			defaultConfigurationName = Release;
		};
		ECC4727624C9FE78006B800A /* Build configuration list for PBXNativeTarget "Love Dating" */ = {
			isa = XCConfigurationList;
			buildConfigurations = (
				ECC4727724C9FE78006B800A /* Debug */,
				ECC4727824C9FE78006B800A /* Release */,
			);
			defaultConfigurationIsVisible = 0;
			defaultConfigurationName = Release;
		};
/* End XCConfigurationList section */
	};
	rootObject = ECC4725A24C9FE76006B800A /* Project object */;
}
